{
  "name": "focustube",
  "version": "1.0.0",
  "lockfileVersion": 3,
  "requires": true,
  "packages": {
    "": {
      "name": "focustube",
      "version": "1.0.0",
      "license": "ISC",
      "dependencies": {
        "@capacitor/dialog": "^7.0.2",
        "@capacitor/haptics": "^7.0.2"
      }
    },
    "node_modules/@capacitor/core": {
      "version": "7.4.3",
      "resolved": "https://registry.npmjs.org/@capacitor/core/-/core-7.4.3.tgz",
      "integrity": "sha512-wCWr8fQ9Wxn0466vPg7nMn0tivbNVjNy1yL4GvDSIZuZx7UpU2HeVGNe9QjN/quEd+YLRFeKEBLBw619VqUiNg==",
      "license": "MIT",
      "peer": true,
      "dependencies": {
        "tslib": "^2.1.0"
      }
    },
    "node_modules/@capacitor/dialog": {
      "version": "7.0.2",
      "resolved": "https://registry.npmjs.org/@capacitor/dialog/-/dialog-7.0.2.tgz",
      "integrity": "sha512-2lRMKEdBV/2LMCwHbC5a03jiU4tdlIN4hXAqmQMxnaa7CAVLfk/vEE+vxA5mpnI/pzoXF/QDQEUXJUd10hbcKA==",
      "license": "MIT",
      "peerDependencies": {
        "@capacitor/core": ">=7.0.0"
      }
    },
    "node_modules/@capacitor/haptics": {
      "version": "7.0.2",
      "resolved": "https://registry.npmjs.org/@capacitor/haptics/-/haptics-7.0.2.tgz",
      "integrity": "sha512-vqfeEM6s2zMgLjpITCTUIy7P/hadq/Gr5E/RClFgMJPB41Y5FsqOKD+j85/uwh8N2cf/aWaPeXUmjnTzJbEB2g==",
      "license": "MIT",
      "peerDependencies": {
        "@capacitor/core": ">=7.0.0"
      }
    },
    "node_modules/tslib": {
      "version": "2.8.1",
      "resolved": "https://registry.npmjs.org/tslib/-/tslib-2.8.1.tgz",
      "integrity": "sha512-oJFu94HQb+KVduSUQL7wnpmqnfmLsOA/nAh6b6EH0wCEoK0/mPeXU6c3wKDV83MkOuHPRHtSXKKU99IBazS/2w==",
      "license": "0BSD",
      "peer": true
    }
  }
}
